
Microsoft Visual Studio Solution File, Format Version 12.00
# Visual Studio Version 16
VisualStudioVersion = 16.0.31727.386
MinimumVisualStudioVersion = 10.0.40219.1
Project("{9A19103F-16F7-4668-BE54-9A1E7A4F7556}") = "T.Targil0", "T.Targil0\T.Targil0.csproj", "{F67CDFD4-B0F4-443F-A4F7-7855809DEB6B}"
EndProject
Project("{2150E333-8FDC-42A3-9474-1A3956D46DE8}") = "Solution Items", "Solution Items", "{556745E3-1A4E-450C-AB29-667DBD6D4E0B}"
	ProjectSection(SolutionItems) = preProject
		xml\BaseStationXml.xml = xml\BaseStationXml.xml
		xml\CustomerXml.xml = xml\CustomerXml.xml
		xml\dal-config.xml = xml\dal-config.xml
		xml\DalXmlConfig.xml = xml\DalXmlConfig.xml
		xml\DroneXml.xml = xml\DroneXml.xml
		xml\ParcelXml.xml = xml\ParcelXml.xml
		README.md = README.md
		xml\Station.xml = xml\Station.xml
	EndProjectSection
EndProject
Project("{9A19103F-16F7-4668-BE54-9A1E7A4F7556}") = "BL", "Bl\BL.csproj", "{3226FC3C-5C53-46DC-B350-3D37B3E8C52D}"
EndProject
Project("{9A19103F-16F7-4668-BE54-9A1E7A4F7556}") = "PL", "PL\PL.csproj", "{B9D5FA90-FBBC-4C8D-B702-BE446B869F59}"
EndProject
Project("{9A19103F-16F7-4668-BE54-9A1E7A4F7556}") = "DalXml", "DalXml\DalXml.csproj", "{2F72B699-D7EE-4667-A616-2BE0ADA8C63D}"
EndProject
Project("{9A19103F-16F7-4668-BE54-9A1E7A4F7556}") = "DalObject", "DalObject\DalObject.csproj", "{B9BABBD2-11E3-4B18-93DE-7E0E3059B17D}"
EndProject
Project("{9A19103F-16F7-4668-BE54-9A1E7A4F7556}") = "DalFacade", "DalFacade\DalFacade.csproj", "{8047CA90-1174-45C3-80D4-6BD0CD4E5148}"
EndProject
Global
	GlobalSection(SolutionConfigurationPlatforms) = preSolution
		Debug|Any CPU = Debug|Any CPU
		Release|Any CPU = Release|Any CPU
	EndGlobalSection
	GlobalSection(ProjectConfigurationPlatforms) = postSolution
		{F67CDFD4-B0F4-443F-A4F7-7855809DEB6B}.Debug|Any CPU.ActiveCfg = Debug|Any CPU
		{F67CDFD4-B0F4-443F-A4F7-7855809DEB6B}.Debug|Any CPU.Build.0 = Debug|Any CPU
		{F67CDFD4-B0F4-443F-A4F7-7855809DEB6B}.Release|Any CPU.ActiveCfg = Release|Any CPU
		{F67CDFD4-B0F4-443F-A4F7-7855809DEB6B}.Release|Any CPU.Build.0 = Release|Any CPU
		{3226FC3C-5C53-46DC-B350-3D37B3E8C52D}.Debug|Any CPU.ActiveCfg = Debug|Any CPU
		{3226FC3C-5C53-46DC-B350-3D37B3E8C52D}.Debug|Any CPU.Build.0 = Debug|Any CPU
		{3226FC3C-5C53-46DC-B350-3D37B3E8C52D}.Release|Any CPU.ActiveCfg = Release|Any CPU
		{3226FC3C-5C53-46DC-B350-3D37B3E8C52D}.Release|Any CPU.Build.0 = Release|Any CPU
		{B9D5FA90-FBBC-4C8D-B702-BE446B869F59}.Debug|Any CPU.ActiveCfg = Debug|Any CPU
		{B9D5FA90-FBBC-4C8D-B702-BE446B869F59}.Debug|Any CPU.Build.0 = Debug|Any CPU
		{B9D5FA90-FBBC-4C8D-B702-BE446B869F59}.Release|Any CPU.ActiveCfg = Release|Any CPU
		{B9D5FA90-FBBC-4C8D-B702-BE446B869F59}.Release|Any CPU.Build.0 = Release|Any CPU
		{2F72B699-D7EE-4667-A616-2BE0ADA8C63D}.Debug|Any CPU.ActiveCfg = Debug|Any CPU
		{2F72B699-D7EE-4667-A616-2BE0ADA8C63D}.Debug|Any CPU.Build.0 = Debug|Any CPU
		{2F72B699-D7EE-4667-A616-2BE0ADA8C63D}.Release|Any CPU.ActiveCfg = Release|Any CPU
		{2F72B699-D7EE-4667-A616-2BE0ADA8C63D}.Release|Any CPU.Build.0 = Release|Any CPU
		{B9BABBD2-11E3-4B18-93DE-7E0E3059B17D}.Debug|Any CPU.ActiveCfg = Debug|Any CPU
		{B9BABBD2-11E3-4B18-93DE-7E0E3059B17D}.Debug|Any CPU.Build.0 = Debug|Any CPU
		{B9BABBD2-11E3-4B18-93DE-7E0E3059B17D}.Release|Any CPU.ActiveCfg = Release|Any CPU
		{B9BABBD2-11E3-4B18-93DE-7E0E3059B17D}.Release|Any CPU.Build.0 = Release|Any CPU
		{8047CA90-1174-45C3-80D4-6BD0CD4E5148}.Debug|Any CPU.ActiveCfg = Debug|Any CPU
		{8047CA90-1174-45C3-80D4-6BD0CD4E5148}.Debug|Any CPU.Build.0 = Debug|Any CPU
		{8047CA90-1174-45C3-80D4-6BD0CD4E5148}.Release|Any CPU.ActiveCfg = Release|Any CPU
		{8047CA90-1174-45C3-80D4-6BD0CD4E5148}.Release|Any CPU.Build.0 = Release|Any CPU
	EndGlobalSection
	GlobalSection(SolutionProperties) = preSolution
		HideSolutionNode = FALSE
	EndGlobalSection
	GlobalSection(ExtensibilityGlobals) = postSolution
		SolutionGuid = {6AFA81CD-C9A5-4EA7-810F-96A2FB80837A}
	EndGlobalSection
EndGlobal
